// !$*UTF8*$!
{
	archiveVersion = 1;
	classes = {
	};
	objectVersion = 56;
	objects = {

/* Begin PBXBuildFile section */
		F4979A6B2BDCAE1200F14935 /* Stage1_1Scene.swift in Sources */ = {isa = PBXBuildFile; fileRef = F4979A6A2BDCAE1200F14935 /* Stage1_1Scene.swift */; };
		F4979A6D2BDCB43100F14935 /* Stage1_2Scene.swift in Sources */ = {isa = PBXBuildFile; fileRef = F4979A6C2BDCB43100F14935 /* Stage1_2Scene.swift */; };
		F4BDF7172BDC5BC400A95D25 /* AppDelegate.swift in Sources */ = {isa = PBXBuildFile; fileRef = F4BDF7162BDC5BC400A95D25 /* AppDelegate.swift */; };
		F4BDF71A2BDC5BC400A95D25 /* Renderer.swift in Sources */ = {isa = PBXBuildFile; fileRef = F4BDF7192BDC5BC400A95D25 /* Renderer.swift */; };
		F4BDF71C2BDC5BC400A95D25 /* GameViewController.swift in Sources */ = {isa = PBXBuildFile; fileRef = F4BDF71B2BDC5BC400A95D25 /* GameViewController.swift */; };
		F4BDF71E2BDC5BC400A95D25 /* Shaders.metal in Sources */ = {isa = PBXBuildFile; fileRef = F4BDF71D2BDC5BC400A95D25 /* Shaders.metal */; };
		F4BDF7212BDC5BC400A95D25 /* Base in Resources */ = {isa = PBXBuildFile; fileRef = F4BDF7202BDC5BC400A95D25 /* Base */; };
		F4BDF7232BDC5BC700A95D25 /* Assets.xcassets in Resources */ = {isa = PBXBuildFile; fileRef = F4BDF7222BDC5BC700A95D25 /* Assets.xcassets */; };
		F4BDF7262BDC5BC700A95D25 /* Base in Resources */ = {isa = PBXBuildFile; fileRef = F4BDF7252BDC5BC700A95D25 /* Base */; };
		F4BDF72D2BDC5D0100A95D25 /* Cube.swift in Sources */ = {isa = PBXBuildFile; fileRef = F4BDF72C2BDC5D0100A95D25 /* Cube.swift */; };
		F4BDF72F2BDC5DAE00A95D25 /* BaseScene.swift in Sources */ = {isa = PBXBuildFile; fileRef = F4BDF72E2BDC5DAE00A95D25 /* BaseScene.swift */; };
		F4BDF7312BDC5E0500A95D25 /* Scene.swift in Sources */ = {isa = PBXBuildFile; fileRef = F4BDF7302BDC5E0500A95D25 /* Scene.swift */; };
		F4BDF7332BDC5E4100A95D25 /* OpeningScene.swift in Sources */ = {isa = PBXBuildFile; fileRef = F4BDF7322BDC5E4100A95D25 /* OpeningScene.swift */; };
		F4BDF7352BDC602800A95D25 /* Character.swift in Sources */ = {isa = PBXBuildFile; fileRef = F4BDF7342BDC602800A95D25 /* Character.swift */; };
		F4BDF7372BDC608100A95D25 /* Rotation.swift in Sources */ = {isa = PBXBuildFile; fileRef = F4BDF7362BDC608100A95D25 /* Rotation.swift */; };
		F4BDF7392BDC60BA00A95D25 /* Original.swift in Sources */ = {isa = PBXBuildFile; fileRef = F4BDF7382BDC60BA00A95D25 /* Original.swift */; };
		F4BDF73B2BDC60D900A95D25 /* Position.swift in Sources */ = {isa = PBXBuildFile; fileRef = F4BDF73A2BDC60D900A95D25 /* Position.swift */; };
		F4BDF73D2BDC621A00A95D25 /* StageStart.swift in Sources */ = {isa = PBXBuildFile; fileRef = F4BDF73C2BDC621A00A95D25 /* StageStart.swift */; };
/* End PBXBuildFile section */

/* Begin PBXFileReference section */
		F4979A6A2BDCAE1200F14935 /* Stage1_1Scene.swift */ = {isa = PBXFileReference; lastKnownFileType = sourcecode.swift; path = Stage1_1Scene.swift; sourceTree = "<group>"; };
		F4979A6C2BDCB43100F14935 /* Stage1_2Scene.swift */ = {isa = PBXFileReference; lastKnownFileType = sourcecode.swift; path = Stage1_2Scene.swift; sourceTree = "<group>"; };
		F4979A6E2BDEAC5000F14935 /* player.json */ = {isa = PBXFileReference; lastKnownFileType = text.json; path = player.json; sourceTree = "<group>"; };
		F4BDF7132BDC5BC400A95D25 /* continue-jump2.app */ = {isa = PBXFileReference; explicitFileType = wrapper.application; includeInIndex = 0; path = "continue-jump2.app"; sourceTree = BUILT_PRODUCTS_DIR; };
		F4BDF7162BDC5BC400A95D25 /* AppDelegate.swift */ = {isa = PBXFileReference; lastKnownFileType = sourcecode.swift; path = AppDelegate.swift; sourceTree = "<group>"; };
		F4BDF7182BDC5BC400A95D25 /* ShaderTypes.h */ = {isa = PBXFileReference; lastKnownFileType = sourcecode.c.h; path = ShaderTypes.h; sourceTree = "<group>"; };
		F4BDF7192BDC5BC400A95D25 /* Renderer.swift */ = {isa = PBXFileReference; lastKnownFileType = sourcecode.swift; path = Renderer.swift; sourceTree = "<group>"; };
		F4BDF71B2BDC5BC400A95D25 /* GameViewController.swift */ = {isa = PBXFileReference; lastKnownFileType = sourcecode.swift; path = GameViewController.swift; sourceTree = "<group>"; };
		F4BDF71D2BDC5BC400A95D25 /* Shaders.metal */ = {isa = PBXFileReference; lastKnownFileType = sourcecode.metal; path = Shaders.metal; sourceTree = "<group>"; };
		F4BDF7202BDC5BC400A95D25 /* Base */ = {isa = PBXFileReference; lastKnownFileType = file.storyboard; name = Base; path = Base.lproj/Main.storyboard; sourceTree = "<group>"; };
		F4BDF7222BDC5BC700A95D25 /* Assets.xcassets */ = {isa = PBXFileReference; lastKnownFileType = folder.assetcatalog; path = Assets.xcassets; sourceTree = "<group>"; };
		F4BDF7252BDC5BC700A95D25 /* Base */ = {isa = PBXFileReference; lastKnownFileType = file.storyboard; name = Base; path = Base.lproj/LaunchScreen.storyboard; sourceTree = "<group>"; };
		F4BDF72C2BDC5D0100A95D25 /* Cube.swift */ = {isa = PBXFileReference; lastKnownFileType = sourcecode.swift; path = Cube.swift; sourceTree = "<group>"; };
		F4BDF72E2BDC5DAE00A95D25 /* BaseScene.swift */ = {isa = PBXFileReference; lastKnownFileType = sourcecode.swift; path = BaseScene.swift; sourceTree = "<group>"; };
		F4BDF7302BDC5E0500A95D25 /* Scene.swift */ = {isa = PBXFileReference; lastKnownFileType = sourcecode.swift; path = Scene.swift; sourceTree = "<group>"; };
		F4BDF7322BDC5E4100A95D25 /* OpeningScene.swift */ = {isa = PBXFileReference; lastKnownFileType = sourcecode.swift; path = OpeningScene.swift; sourceTree = "<group>"; };
		F4BDF7342BDC602800A95D25 /* Character.swift */ = {isa = PBXFileReference; lastKnownFileType = sourcecode.swift; path = Character.swift; sourceTree = "<group>"; };
		F4BDF7362BDC608100A95D25 /* Rotation.swift */ = {isa = PBXFileReference; lastKnownFileType = sourcecode.swift; path = Rotation.swift; sourceTree = "<group>"; };
		F4BDF7382BDC60BA00A95D25 /* Original.swift */ = {isa = PBXFileReference; lastKnownFileType = sourcecode.swift; path = Original.swift; sourceTree = "<group>"; };
		F4BDF73A2BDC60D900A95D25 /* Position.swift */ = {isa = PBXFileReference; lastKnownFileType = sourcecode.swift; path = Position.swift; sourceTree = "<group>"; };
		F4BDF73C2BDC621A00A95D25 /* StageStart.swift */ = {isa = PBXFileReference; lastKnownFileType = sourcecode.swift; path = StageStart.swift; sourceTree = "<group>"; };
/* End PBXFileReference section */

/* Begin PBXFrameworksBuildPhase section */
		F4BDF7102BDC5BC400A95D25 /* Frameworks */ = {
			isa = PBXFrameworksBuildPhase;
			buildActionMask = 2147483647;
			files = (
			);
			runOnlyForDeploymentPostprocessing = 0;
		};
/* End PBXFrameworksBuildPhase section */

/* Begin PBXGroup section */
		F4BDF70A2BDC5BC400A95D25 = {
			isa = PBXGroup;
			children = (
				F4BDF7152BDC5BC400A95D25 /* continue-jump2 */,
				F4BDF7142BDC5BC400A95D25 /* Products */,
			);
			sourceTree = "<group>";
		};
		F4BDF7142BDC5BC400A95D25 /* Products */ = {
			isa = PBXGroup;
			children = (
				F4BDF7132BDC5BC400A95D25 /* continue-jump2.app */,
			);
			name = Products;
			sourceTree = "<group>";
		};
		F4BDF7152BDC5BC400A95D25 /* continue-jump2 */ = {
			isa = PBXGroup;
			children = (
				F4BDF7162BDC5BC400A95D25 /* AppDelegate.swift */,
				F4BDF7182BDC5BC400A95D25 /* ShaderTypes.h */,
				F4BDF7192BDC5BC400A95D25 /* Renderer.swift */,
				F4BDF71B2BDC5BC400A95D25 /* GameViewController.swift */,
				F4BDF71D2BDC5BC400A95D25 /* Shaders.metal */,
				F4BDF71F2BDC5BC400A95D25 /* Main.storyboard */,
				F4BDF7222BDC5BC700A95D25 /* Assets.xcassets */,
				F4BDF7242BDC5BC700A95D25 /* LaunchScreen.storyboard */,
				F4BDF72C2BDC5D0100A95D25 /* Cube.swift */,
				F4BDF72E2BDC5DAE00A95D25 /* BaseScene.swift */,
				F4BDF7302BDC5E0500A95D25 /* Scene.swift */,
				F4BDF7322BDC5E4100A95D25 /* OpeningScene.swift */,
				F4BDF7342BDC602800A95D25 /* Character.swift */,
				F4BDF7362BDC608100A95D25 /* Rotation.swift */,
				F4BDF7382BDC60BA00A95D25 /* Original.swift */,
				F4BDF73A2BDC60D900A95D25 /* Position.swift */,
				F4BDF73C2BDC621A00A95D25 /* StageStart.swift */,
				F4979A6A2BDCAE1200F14935 /* Stage1_1Scene.swift */,
				F4979A6C2BDCB43100F14935 /* Stage1_2Scene.swift */,
				F4979A6E2BDEAC5000F14935 /* player.json */,
			);
			path = "continue-jump2";
			sourceTree = "<group>";
		};
/* End PBXGroup section */

/* Begin PBXNativeTarget section */
		F4BDF7122BDC5BC400A95D25 /* continue-jump2 */ = {
			isa = PBXNativeTarget;
			buildConfigurationList = F4BDF7292BDC5BC700A95D25 /* Build configuration list for PBXNativeTarget "continue-jump2" */;
			buildPhases = (
				F4BDF70F2BDC5BC400A95D25 /* Sources */,
				F4BDF7102BDC5BC400A95D25 /* Frameworks */,
				F4BDF7112BDC5BC400A95D25 /* Resources */,
			);
			buildRules = (
			);
			dependencies = (
			);
			name = "continue-jump2";
			productName = "continue-jump2";
			productReference = F4BDF7132BDC5BC400A95D25 /* continue-jump2.app */;
			productType = "com.apple.product-type.application";
		};
/* End PBXNativeTarget section */

/* Begin PBXProject section */
		F4BDF70B2BDC5BC400A95D25 /* Project object */ = {
			isa = PBXProject;
			attributes = {
				BuildIndependentTargetsInParallel = 1;
				LastSwiftUpdateCheck = 1530;
				LastUpgradeCheck = 1530;
				TargetAttributes = {
					F4BDF7122BDC5BC400A95D25 = {
						CreatedOnToolsVersion = 15.3;
					};
				};
			};
			buildConfigurationList = F4BDF70E2BDC5BC400A95D25 /* Build configuration list for PBXProject "continue-jump2" */;
			compatibilityVersion = "Xcode 14.0";
			developmentRegion = en;
			hasScannedForEncodings = 0;
			knownRegions = (
				en,
				Base,
			);
			mainGroup = F4BDF70A2BDC5BC400A95D25;
			productRefGroup = F4BDF7142BDC5BC400A95D25 /* Products */;
			projectDirPath = "";
			projectRoot = "";
			targets = (
				F4BDF7122BDC5BC400A95D25 /* continue-jump2 */,
			);
		};
/* End PBXProject section */

/* Begin PBXResourcesBuildPhase section */
		F4BDF7112BDC5BC400A95D25 /* Resources */ = {
			isa = PBXResourcesBuildPhase;
			buildActionMask = 2147483647;
			files = (
				F4BDF7232BDC5BC700A95D25 /* Assets.xcassets in Resources */,
				F4BDF7262BDC5BC700A95D25 /* Base in Resources */,
				F4BDF7212BDC5BC400A95D25 /* Base in Resources */,
			);
			runOnlyForDeploymentPostprocessing = 0;
		};
/* End PBXResourcesBuildPhase section */

/* Begin PBXSourcesBuildPhase section */
		F4BDF70F2BDC5BC400A95D25 /* Sources */ = {
			isa = PBXSourcesBuildPhase;
			buildActionMask = 2147483647;
			files = (
				F4BDF7352BDC602800A95D25 /* Character.swift in Sources */,
				F4979A6B2BDCAE1200F14935 /* Stage1_1Scene.swift in Sources */,
				F4979A6D2BDCB43100F14935 /* Stage1_2Scene.swift in Sources */,
				F4BDF71E2BDC5BC400A95D25 /* Shaders.metal in Sources */,
				F4BDF73B2BDC60D900A95D25 /* Position.swift in Sources */,
				F4BDF72F2BDC5DAE00A95D25 /* BaseScene.swift in Sources */,
				F4BDF72D2BDC5D0100A95D25 /* Cube.swift in Sources */,
				F4BDF7332BDC5E4100A95D25 /* OpeningScene.swift in Sources */,
				F4BDF73D2BDC621A00A95D25 /* StageStart.swift in Sources */,
				F4BDF7372BDC608100A95D25 /* Rotation.swift in Sources */,
				F4BDF7392BDC60BA00A95D25 /* Original.swift in Sources */,
				F4BDF71A2BDC5BC400A95D25 /* Renderer.swift in Sources */,
				F4BDF7312BDC5E0500A95D25 /* Scene.swift in Sources */,
				F4BDF71C2BDC5BC400A95D25 /* GameViewController.swift in Sources */,
				F4BDF7172BDC5BC400A95D25 /* AppDelegate.swift in Sources */,
			);
			runOnlyForDeploymentPostprocessing = 0;
		};
/* End PBXSourcesBuildPhase section */

/* Begin PBXVariantGroup section */
		F4BDF71F2BDC5BC400A95D25 /* Main.storyboard */ = {
			isa = PBXVariantGroup;
			children = (
				F4BDF7202BDC5BC400A95D25 /* Base */,
			);
			name = Main.storyboard;
			sourceTree = "<group>";
		};
		F4BDF7242BDC5BC700A95D25 /* LaunchScreen.storyboard */ = {
			isa = PBXVariantGroup;
			children = (
				F4BDF7252BDC5BC700A95D25 /* Base */,
			);
			name = LaunchScreen.storyboard;
			sourceTree = "<group>";
		};
/* End PBXVariantGroup section */

/* Begin XCBuildConfiguration section */
		F4BDF7272BDC5BC700A95D25 /* Debug */ = {
			isa = XCBuildConfiguration;
			buildSettings = {
				ALWAYS_SEARCH_USER_PATHS = NO;
				ASSETCATALOG_COMPILER_GENERATE_SWIFT_ASSET_SYMBOL_EXTENSIONS = YES;
				CLANG_ANALYZER_NONNULL = YES;
				CLANG_ANALYZER_NUMBER_OBJECT_CONVERSION = YES_AGGRESSIVE;
				CLANG_CXX_LANGUAGE_STANDARD = "gnu++20";
				CLANG_ENABLE_MODULES = YES;
				CLANG_ENABLE_OBJC_ARC = YES;
				CLANG_ENABLE_OBJC_WEAK = YES;
				CLANG_WARN_BLOCK_CAPTURE_AUTORELEASING = YES;
				CLANG_WARN_BOOL_CONVERSION = YES;
				CLANG_WARN_COMMA = YES;
				CLANG_WARN_CONSTANT_CONVERSION = YES;
				CLANG_WARN_DEPRECATED_OBJC_IMPLEMENTATIONS = YES;
				CLANG_WARN_DIRECT_OBJC_ISA_USAGE = YES_ERROR;
				CLANG_WARN_DOCUMENTATION_COMMENTS = YES;
				CLANG_WARN_EMPTY_BODY = YES;
				CLANG_WARN_ENUM_CONVERSION = YES;
				CLANG_WARN_INFINITE_RECURSION = YES;
				CLANG_WARN_INT_CONVERSION = YES;
				CLANG_WARN_NON_LITERAL_NULL_CONVERSION = YES;
				CLANG_WARN_OBJC_IMPLICIT_RETAIN_SELF = YES;
				CLANG_WARN_OBJC_LITERAL_CONVERSION = YES;
				CLANG_WARN_OBJC_ROOT_CLASS = YES_ERROR;
				CLANG_WARN_QUOTED_INCLUDE_IN_FRAMEWORK_HEADER = YES;
				CLANG_WARN_RANGE_LOOP_ANALYSIS = YES;
				CLANG_WARN_STRICT_PROTOTYPES = YES;
				CLANG_WARN_SUSPICIOUS_MOVE = YES;
				CLANG_WARN_UNGUARDED_AVAILABILITY = YES_AGGRESSIVE;
				CLANG_WARN_UNREACHABLE_CODE = YES;
				CLANG_WARN__DUPLICATE_METHOD_MATCH = YES;
				COPY_PHASE_STRIP = NO;
				DEBUG_INFORMATION_FORMAT = dwarf;
				ENABLE_STRICT_OBJC_MSGSEND = YES;
				ENABLE_TESTABILITY = YES;
				ENABLE_USER_SCRIPT_SANDBOXING = YES;
				GCC_C_LANGUAGE_STANDARD = gnu17;
				GCC_DYNAMIC_NO_PIC = NO;
				GCC_NO_COMMON_BLOCKS = YES;
				GCC_OPTIMIZATION_LEVEL = 0;
				GCC_PREPROCESSOR_DEFINITIONS = (
					"DEBUG=1",
					"$(inherited)",
				);
				GCC_WARN_64_TO_32_BIT_CONVERSION = YES;
				GCC_WARN_ABOUT_RETURN_TYPE = YES_ERROR;
				GCC_WARN_UNDECLARED_SELECTOR = YES;
				GCC_WARN_UNINITIALIZED_AUTOS = YES_AGGRESSIVE;
				GCC_WARN_UNUSED_FUNCTION = YES;
				GCC_WARN_UNUSED_VARIABLE = YES;
				IPHONEOS_DEPLOYMENT_TARGET = 17.4;
				LOCALIZATION_PREFERS_STRING_CATALOGS = YES;
				MTL_ENABLE_DEBUG_INFO = INCLUDE_SOURCE;
				MTL_FAST_MATH = YES;
				ONLY_ACTIVE_ARCH = YES;
				SDKROOT = iphoneos;
				SWIFT_ACTIVE_COMPILATION_CONDITIONS = "DEBUG $(inherited)";
				SWIFT_OPTIMIZATION_LEVEL = "-Onone";
			};
			name = Debug;
		};
		F4BDF7282BDC5BC700A95D25 /* Release */ = {
			isa = XCBuildConfiguration;
			buildSettings = {
				ALWAYS_SEARCH_USER_PATHS = NO;
				ASSETCATALOG_COMPILER_GENERATE_SWIFT_ASSET_SYMBOL_EXTENSIONS = YES;
				CLANG_ANALYZER_NONNULL = YES;
				CLANG_ANALYZER_NUMBER_OBJECT_CONVERSION = YES_AGGRESSIVE;
				CLANG_CXX_LANGUAGE_STANDARD = "gnu++20";
				CLANG_ENABLE_MODULES = YES;
				CLANG_ENABLE_OBJC_ARC = YES;
				CLANG_ENABLE_OBJC_WEAK = YES;
				CLANG_WARN_BLOCK_CAPTURE_AUTORELEASING = YES;
				CLANG_WARN_BOOL_CONVERSION = YES;
				CLANG_WARN_COMMA = YES;
				CLANG_WARN_CONSTANT_CONVERSION = YES;
				CLANG_WARN_DEPRECATED_OBJC_IMPLEMENTATIONS = YES;
				CLANG_WARN_DIRECT_OBJC_ISA_USAGE = YES_ERROR;
				CLANG_WARN_DOCUMENTATION_COMMENTS = YES;
				CLANG_WARN_EMPTY_BODY = YES;
				CLANG_WARN_ENUM_CONVERSION = YES;
				CLANG_WARN_INFINITE_RECURSION = YES;
				CLANG_WARN_INT_CONVERSION = YES;
				CLANG_WARN_NON_LITERAL_NULL_CONVERSION = YES;
				CLANG_WARN_OBJC_IMPLICIT_RETAIN_SELF = YES;
				CLANG_WARN_OBJC_LITERAL_CONVERSION = YES;
				CLANG_WARN_OBJC_ROOT_CLASS = YES_ERROR;
				CLANG_WARN_QUOTED_INCLUDE_IN_FRAMEWORK_HEADER = YES;
				CLANG_WARN_RANGE_LOOP_ANALYSIS = YES;
				CLANG_WARN_STRICT_PROTOTYPES = YES;
				CLANG_WARN_SUSPICIOUS_MOVE = YES;
				CLANG_WARN_UNGUARDED_AVAILABILITY = YES_AGGRESSIVE;
				CLANG_WARN_UNREACHABLE_CODE = YES;
				CLANG_WARN__DUPLICATE_METHOD_MATCH = YES;
				COPY_PHASE_STRIP = NO;
				DEBUG_INFORMATION_FORMAT = "dwarf-with-dsym";
				ENABLE_NS_ASSERTIONS = NO;
				ENABLE_STRICT_OBJC_MSGSEND = YES;
				ENABLE_USER_SCRIPT_SANDBOXING = YES;
				GCC_C_LANGUAGE_STANDARD = gnu17;
				GCC_NO_COMMON_BLOCKS = YES;
				GCC_WARN_64_TO_32_BIT_CONVERSION = YES;
				GCC_WARN_ABOUT_RETURN_TYPE = YES_ERROR;
				GCC_WARN_UNDECLARED_SELECTOR = YES;
				GCC_WARN_UNINITIALIZED_AUTOS = YES_AGGRESSIVE;
				GCC_WARN_UNUSED_FUNCTION = YES;
				GCC_WARN_UNUSED_VARIABLE = YES;
				IPHONEOS_DEPLOYMENT_TARGET = 17.4;
				LOCALIZATION_PREFERS_STRING_CATALOGS = YES;
				MTL_ENABLE_DEBUG_INFO = NO;
				MTL_FAST_MATH = YES;
				SDKROOT = iphoneos;
				SWIFT_COMPILATION_MODE = wholemodule;
				VALIDATE_PRODUCT = YES;
			};
			name = Release;
		};
		F4BDF72A2BDC5BC700A95D25 /* Debug */ = {
			isa = XCBuildConfiguration;
			buildSettings = {
				ASSETCATALOG_COMPILER_APPICON_NAME = AppIcon;
				ASSETCATALOG_COMPILER_GLOBAL_ACCENT_COLOR_NAME = AccentColor;
				CODE_SIGN_STYLE = Automatic;
				CURRENT_PROJECT_VERSION = 1;
				DEVELOPMENT_TEAM = A98KZDWY2P;
				GENERATE_INFOPLIST_FILE = YES;
				INFOPLIST_KEY_UIApplicationSupportsIndirectInputEvents = YES;
				INFOPLIST_KEY_UILaunchStoryboardName = LaunchScreen;
				INFOPLIST_KEY_UIMainStoryboardFile = Main;
				INFOPLIST_KEY_UIRequiredDeviceCapabilities = metal;
				INFOPLIST_KEY_UIStatusBarHidden = YES;
				INFOPLIST_KEY_UISupportedInterfaceOrientations_iPad = "UIInterfaceOrientationPortrait UIInterfaceOrientationPortraitUpsideDown UIInterfaceOrientationLandscapeLeft UIInterfaceOrientationLandscapeRight";
				INFOPLIST_KEY_UISupportedInterfaceOrientations_iPhone = "UIInterfaceOrientationPortrait UIInterfaceOrientationLandscapeLeft UIInterfaceOrientationLandscapeRight";
				LD_RUNPATH_SEARCH_PATHS = (
					"$(inherited)",
					"@executable_path/Frameworks",
				);
				MARKETING_VERSION = 1.0;
				PRODUCT_BUNDLE_IDENTIFIER = "jp.co.continue-jump.continue-jump2";
				PRODUCT_NAME = "$(TARGET_NAME)";
				SWIFT_EMIT_LOC_STRINGS = YES;
				SWIFT_OBJC_BRIDGING_HEADER = "$(TARGET_NAME)/ShaderTypes.h";
				SWIFT_VERSION = 5.0;
				TARGETED_DEVICE_FAMILY = "1,2";
			};
			name = Debug;
		};
		F4BDF72B2BDC5BC700A95D25 /* Release */ = {
			isa = XCBuildConfiguration;
			buildSettings = {
				ASSETCATALOG_COMPILER_APPICON_NAME = AppIcon;
				ASSETCATALOG_COMPILER_GLOBAL_ACCENT_COLOR_NAME = AccentColor;
				CODE_SIGN_STYLE = Automatic;
				CURRENT_PROJECT_VERSION = 1;
				DEVELOPMENT_TEAM = A98KZDWY2P;
				GENERATE_INFOPLIST_FILE = YES;
				INFOPLIST_KEY_UIApplicationSupportsIndirectInputEvents = YES;
				INFOPLIST_KEY_UILaunchStoryboardName = LaunchScreen;
				INFOPLIST_KEY_UIMainStoryboardFile = Main;
				INFOPLIST_KEY_UIRequiredDeviceCapabilities = metal;
				INFOPLIST_KEY_UIStatusBarHidden = YES;
				INFOPLIST_KEY_UISupportedInterfaceOrientations_iPad = "UIInterfaceOrientationPortrait UIInterfaceOrientationPortraitUpsideDown UIInterfaceOrientationLandscapeLeft UIInterfaceOrientationLandscapeRight";
				INFOPLIST_KEY_UISupportedInterfaceOrientations_iPhone = "UIInterfaceOrientationPortrait UIInterfaceOrientationLandscapeLeft UIInterfaceOrientationLandscapeRight";
				LD_RUNPATH_SEARCH_PATHS = (
					"$(inherited)",
					"@executable_path/Frameworks",
				);
				MARKETING_VERSION = 1.0;
				PRODUCT_BUNDLE_IDENTIFIER = "jp.co.continue-jump.continue-jump2";
				PRODUCT_NAME = "$(TARGET_NAME)";
				SWIFT_EMIT_LOC_STRINGS = YES;
				SWIFT_OBJC_BRIDGING_HEADER = "$(TARGET_NAME)/ShaderTypes.h";
				SWIFT_VERSION = 5.0;
				TARGETED_DEVICE_FAMILY = "1,2";
			};
			name = Release;
		};
/* End XCBuildConfiguration section */

/* Begin XCConfigurationList section */
		F4BDF70E2BDC5BC400A95D25 /* Build configuration list for PBXProject "continue-jump2" */ = {
			isa = XCConfigurationList;
			buildConfigurations = (
				F4BDF7272BDC5BC700A95D25 /* Debug */,
				F4BDF7282BDC5BC700A95D25 /* Release */,
			);
			defaultConfigurationIsVisible = 0;
			defaultConfigurationName = Release;
		};
		F4BDF7292BDC5BC700A95D25 /* Build configuration list for PBXNativeTarget "continue-jump2" */ = {
			isa = XCConfigurationList;
			buildConfigurations = (
				F4BDF72A2BDC5BC700A95D25 /* Debug */,
				F4BDF72B2BDC5BC700A95D25 /* Release */,
			);
			defaultConfigurationIsVisible = 0;
			defaultConfigurationName = Release;
		};
/* End XCConfigurationList section */
	};
	rootObject = F4BDF70B2BDC5BC400A95D25 /* Project object */;
}
